
Microsoft Visual Studio Solution File, Format Version 12.00
# Visual Studio Version 17
VisualStudioVersion = 17.0.31825.309
MinimumVisualStudioVersion = 10.0.40219.1
Project("{2150E333-8FDC-42A3-9474-1A3956D46DE8}") = "Generator", "Generator", "{F2AADC68-36F3-4717-90E0-0241E9DE04D9}"
EndProject
Project("{2150E333-8FDC-42A3-9474-1A3956D46DE8}") = "Xslt", "Xslt", "{26E539F4-D78A-4E3A-963B-03311E4EBDF9}"
	ProjectSection(SolutionItems) = preProject
		Generator\Xslt\README.md = Generator\Xslt\README.md
	EndProjectSection
EndProject
Project("{9A19103F-16F7-4668-BE54-9A1E7A4F7556}") = "SourceGenerator", "Generator\Xslt\SourceGenerator\SourceGenerator.csproj", "{8E008BAF-400C-4E16-9DF5-8ED56BA6A7E0}"
EndProject
Project("{9A19103F-16F7-4668-BE54-9A1E7A4F7556}") = "GeneratorApp", "Generator\Xslt\GeneratorApp\GeneratorApp.csproj", "{968BC497-266C-41C1-85BA-4F0DA755323C}"
EndProject
Project("{2150E333-8FDC-42A3-9474-1A3956D46DE8}") = "Demo", "Demo", "{0C3A78A2-33D6-42BE-A00E-375D67325EBC}"
EndProject
Project("{9A19103F-16F7-4668-BE54-9A1E7A4F7556}") = "UnitsOfMeasurement", "Demo\UnitsOfMeasurement\UnitsOfMeasurement.csproj", "{7CAF42E7-D983-404E-BD98-46E349EDACCB}"
EndProject
Project("{9A19103F-16F7-4668-BE54-9A1E7A4F7556}") = "RuntimeUnits", "Demo\RuntimeUnits\RuntimeUnits.csproj", "{CBF67097-7289-4192-906E-0DE93F816502}"
EndProject
Project("{9A19103F-16F7-4668-BE54-9A1E7A4F7556}") = "UnitsOfMeasurementTest", "Demo\UnitsOfMeasurementTest\UnitsOfMeasurementTest.csproj", "{2AFD5961-6410-4E39-8247-A3B7A2571AFF}"
EndProject
Project("{9A19103F-16F7-4668-BE54-9A1E7A4F7556}") = "Bullet", "Demo\Bullet\Bullet.csproj", "{38FC2687-BCA0-40FE-B60E-CA7DDFDA4556}"
EndProject
Project("{9A19103F-16F7-4668-BE54-9A1E7A4F7556}") = "Benchmark2", "Demo\Benchmark2\Benchmark2.csproj", "{3F8CC14B-1864-4FAB-95B9-450FCF3FA390}"
EndProject
Project("{9A19103F-16F7-4668-BE54-9A1E7A4F7556}") = "Currencies", "Demo\Currencies\Currencies.csproj", "{34B097B2-079C-4D8F-803B-23398A6F6915}"
EndProject
Project("{9A19103F-16F7-4668-BE54-9A1E7A4F7556}") = "ProjectTemplate", "ProjectTemplate\ProjectTemplate.csproj", "{60B6E70A-C5C8-434C-9559-3422698A6105}"
EndProject
Project("{2150E333-8FDC-42A3-9474-1A3956D46DE8}") = "Docs", "Docs", "{072A2266-1F02-4DE0-BAA9-94CC78B69779}"
	ProjectSection(SolutionItems) = preProject
		Docs\Components.md = Docs\Components.md
		Docs\Definitions.md = Docs\Definitions.md
		Docs\DimAnalysisExample.md = Docs\DimAnalysisExample.md
		Docs\Families.md = Docs\Families.md
		Docs\Quantities-vs-Levels.md = Docs\Quantities-vs-Levels.md
		Docs\UserGuide.md = Docs\UserGuide.md
	EndProjectSection
EndProject
Project("{2150E333-8FDC-42A3-9474-1A3956D46DE8}") = "image", "image", "{ABB4BD43-CF82-4C7D-96F7-09D19ADAA6FC}"
	ProjectSection(SolutionItems) = preProject
		Docs\image\Components.png = Docs\image\Components.png
		Docs\image\DimAnalysisError.png = Docs\image\DimAnalysisError.png
		Docs\image\Overview.png = Docs\image\Overview.png
		Docs\image\Profiling.png = Docs\image\Profiling.png
		Docs\image\VSProject-Units.png = Docs\image\VSProject-Units.png
		Docs\image\VSProject.png = Docs\image\VSProject.png
	EndProjectSection
EndProject
Project("{FAE04EC0-301F-11D3-BF4B-00C04F79EFBC}") = "Definitions", "Generator\Definitions\Definitions.csproj", "{9E2F7F91-0EF8-4E07-B636-1EC922467860}"
EndProject
Project("{FAE04EC0-301F-11D3-BF4B-00C04F79EFBC}") = "Model", "Generator\Model\Model.csproj", "{2493D361-1D4C-4E43-AA5D-B03CC2496671}"
EndProject
Global
	GlobalSection(SolutionConfigurationPlatforms) = preSolution
		Debug|Any CPU = Debug|Any CPU
		Release|Any CPU = Release|Any CPU
	EndGlobalSection
	GlobalSection(ProjectConfigurationPlatforms) = postSolution
		{8E008BAF-400C-4E16-9DF5-8ED56BA6A7E0}.Debug|Any CPU.ActiveCfg = Debug|Any CPU
		{8E008BAF-400C-4E16-9DF5-8ED56BA6A7E0}.Debug|Any CPU.Build.0 = Debug|Any CPU
		{8E008BAF-400C-4E16-9DF5-8ED56BA6A7E0}.Release|Any CPU.ActiveCfg = Release|Any CPU
		{8E008BAF-400C-4E16-9DF5-8ED56BA6A7E0}.Release|Any CPU.Build.0 = Release|Any CPU
		{968BC497-266C-41C1-85BA-4F0DA755323C}.Debug|Any CPU.ActiveCfg = Debug|Any CPU
		{968BC497-266C-41C1-85BA-4F0DA755323C}.Debug|Any CPU.Build.0 = Debug|Any CPU
		{968BC497-266C-41C1-85BA-4F0DA755323C}.Release|Any CPU.ActiveCfg = Release|Any CPU
		{968BC497-266C-41C1-85BA-4F0DA755323C}.Release|Any CPU.Build.0 = Release|Any CPU
		{7CAF42E7-D983-404E-BD98-46E349EDACCB}.Debug|Any CPU.ActiveCfg = Debug|Any CPU
		{7CAF42E7-D983-404E-BD98-46E349EDACCB}.Debug|Any CPU.Build.0 = Debug|Any CPU
		{7CAF42E7-D983-404E-BD98-46E349EDACCB}.Release|Any CPU.ActiveCfg = Release|Any CPU
		{7CAF42E7-D983-404E-BD98-46E349EDACCB}.Release|Any CPU.Build.0 = Release|Any CPU
		{CBF67097-7289-4192-906E-0DE93F816502}.Debug|Any CPU.ActiveCfg = Debug|Any CPU
		{CBF67097-7289-4192-906E-0DE93F816502}.Debug|Any CPU.Build.0 = Debug|Any CPU
		{CBF67097-7289-4192-906E-0DE93F816502}.Release|Any CPU.ActiveCfg = Release|Any CPU
		{CBF67097-7289-4192-906E-0DE93F816502}.Release|Any CPU.Build.0 = Release|Any CPU
		{2AFD5961-6410-4E39-8247-A3B7A2571AFF}.Debug|Any CPU.ActiveCfg = Debug|Any CPU
		{2AFD5961-6410-4E39-8247-A3B7A2571AFF}.Debug|Any CPU.Build.0 = Debug|Any CPU
		{2AFD5961-6410-4E39-8247-A3B7A2571AFF}.Release|Any CPU.ActiveCfg = Release|Any CPU
		{2AFD5961-6410-4E39-8247-A3B7A2571AFF}.Release|Any CPU.Build.0 = Release|Any CPU
		{38FC2687-BCA0-40FE-B60E-CA7DDFDA4556}.Debug|Any CPU.ActiveCfg = Debug|Any CPU
		{38FC2687-BCA0-40FE-B60E-CA7DDFDA4556}.Debug|Any CPU.Build.0 = Debug|Any CPU
		{38FC2687-BCA0-40FE-B60E-CA7DDFDA4556}.Release|Any CPU.ActiveCfg = Release|Any CPU
		{38FC2687-BCA0-40FE-B60E-CA7DDFDA4556}.Release|Any CPU.Build.0 = Release|Any CPU
		{3F8CC14B-1864-4FAB-95B9-450FCF3FA390}.Debug|Any CPU.ActiveCfg = Debug|Any CPU
		{3F8CC14B-1864-4FAB-95B9-450FCF3FA390}.Debug|Any CPU.Build.0 = Debug|Any CPU
		{3F8CC14B-1864-4FAB-95B9-450FCF3FA390}.Release|Any CPU.ActiveCfg = Release|Any CPU
		{3F8CC14B-1864-4FAB-95B9-450FCF3FA390}.Release|Any CPU.Build.0 = Release|Any CPU
		{34B097B2-079C-4D8F-803B-23398A6F6915}.Debug|Any CPU.ActiveCfg = Debug|Any CPU
		{34B097B2-079C-4D8F-803B-23398A6F6915}.Debug|Any CPU.Build.0 = Debug|Any CPU
		{34B097B2-079C-4D8F-803B-23398A6F6915}.Release|Any CPU.ActiveCfg = Release|Any CPU
		{34B097B2-079C-4D8F-803B-23398A6F6915}.Release|Any CPU.Build.0 = Release|Any CPU
		{60B6E70A-C5C8-434C-9559-3422698A6105}.Debug|Any CPU.ActiveCfg = Debug|Any CPU
		{60B6E70A-C5C8-434C-9559-3422698A6105}.Debug|Any CPU.Build.0 = Debug|Any CPU
		{60B6E70A-C5C8-434C-9559-3422698A6105}.Release|Any CPU.ActiveCfg = Release|Any CPU
		{60B6E70A-C5C8-434C-9559-3422698A6105}.Release|Any CPU.Build.0 = Release|Any CPU
		{9E2F7F91-0EF8-4E07-B636-1EC922467860}.Debug|Any CPU.ActiveCfg = Debug|Any CPU
		{9E2F7F91-0EF8-4E07-B636-1EC922467860}.Debug|Any CPU.Build.0 = Debug|Any CPU
		{9E2F7F91-0EF8-4E07-B636-1EC922467860}.Release|Any CPU.ActiveCfg = Release|Any CPU
		{9E2F7F91-0EF8-4E07-B636-1EC922467860}.Release|Any CPU.Build.0 = Release|Any CPU
		{2493D361-1D4C-4E43-AA5D-B03CC2496671}.Debug|Any CPU.ActiveCfg = Debug|Any CPU
		{2493D361-1D4C-4E43-AA5D-B03CC2496671}.Debug|Any CPU.Build.0 = Debug|Any CPU
		{2493D361-1D4C-4E43-AA5D-B03CC2496671}.Release|Any CPU.ActiveCfg = Release|Any CPU
		{2493D361-1D4C-4E43-AA5D-B03CC2496671}.Release|Any CPU.Build.0 = Release|Any CPU
	EndGlobalSection
	GlobalSection(SolutionProperties) = preSolution
		HideSolutionNode = FALSE
	EndGlobalSection
	GlobalSection(NestedProjects) = preSolution
		{26E539F4-D78A-4E3A-963B-03311E4EBDF9} = {F2AADC68-36F3-4717-90E0-0241E9DE04D9}
		{8E008BAF-400C-4E16-9DF5-8ED56BA6A7E0} = {26E539F4-D78A-4E3A-963B-03311E4EBDF9}
		{968BC497-266C-41C1-85BA-4F0DA755323C} = {26E539F4-D78A-4E3A-963B-03311E4EBDF9}
		{7CAF42E7-D983-404E-BD98-46E349EDACCB} = {0C3A78A2-33D6-42BE-A00E-375D67325EBC}
		{CBF67097-7289-4192-906E-0DE93F816502} = {0C3A78A2-33D6-42BE-A00E-375D67325EBC}
		{2AFD5961-6410-4E39-8247-A3B7A2571AFF} = {0C3A78A2-33D6-42BE-A00E-375D67325EBC}
		{38FC2687-BCA0-40FE-B60E-CA7DDFDA4556} = {0C3A78A2-33D6-42BE-A00E-375D67325EBC}
		{3F8CC14B-1864-4FAB-95B9-450FCF3FA390} = {0C3A78A2-33D6-42BE-A00E-375D67325EBC}
		{34B097B2-079C-4D8F-803B-23398A6F6915} = {0C3A78A2-33D6-42BE-A00E-375D67325EBC}
		{ABB4BD43-CF82-4C7D-96F7-09D19ADAA6FC} = {072A2266-1F02-4DE0-BAA9-94CC78B69779}
		{9E2F7F91-0EF8-4E07-B636-1EC922467860} = {F2AADC68-36F3-4717-90E0-0241E9DE04D9}
		{2493D361-1D4C-4E43-AA5D-B03CC2496671} = {F2AADC68-36F3-4717-90E0-0241E9DE04D9}
	EndGlobalSection
	GlobalSection(ExtensibilityGlobals) = postSolution
		SolutionGuid = {54F7E0AD-7097-4699-AE43-65D796031F54}
	EndGlobalSection
EndGlobal
